
Microsoft Visual Studio Solution File, Format Version 12.00
# Visual Studio Version 17
VisualStudioVersion = 17.4.33103.184
MinimumVisualStudioVersion = 10.0.40219.1
Project("{9A19103F-16F7-4668-BE54-9A1E7A4F7556}") = "99-multiplication-table", "ConsoleApp1\99-multiplication-table.csproj", "{13E53821-161A-420C-AC84-DCB381B98E46}"
EndProject
Global
	GlobalSection(SolutionConfigurationPlatforms) = preSolution
		Debug|Any CPU = Debug|Any CPU
		Release|Any CPU = Release|Any CPU
	EndGlobalSection
	GlobalSection(ProjectConfigurationPlatforms) = postSolution
		{13E53821-161A-420C-AC84-DCB381B98E46}.Debug|Any CPU.ActiveCfg = Debug|Any CPU
		{13E53821-161A-420C-AC84-DCB381B98E46}.Debug|Any CPU.Build.0 = Debug|Any CPU
		{13E53821-161A-420C-AC84-DCB381B98E46}.Release|Any CPU.ActiveCfg = Release|Any CPU
		{13E53821-161A-420C-AC84-DCB381B98E46}.Release|Any CPU.Build.0 = Release|Any CPU
	EndGlobalSection
	GlobalSection(SolutionProperties) = preSolution
		HideSolutionNode = FALSE
	EndGlobalSection
	GlobalSection(ExtensibilityGlobals) = postSolution
		SolutionGuid = {F5C79040-7C7E-4EB9-A56F-CCA2AA75005D}
	EndGlobalSection
EndGlobal
